
Microsoft Visual Studio Solution File, Format Version 12.00
# Visual Studio Version 17
VisualStudioVersion = 17.6.33829.357
MinimumVisualStudioVersion = 10.0.40219.1
Project("{FAE04EC0-301F-11D3-BF4B-00C04F79EFBC}") = "NominaControl", "NominaControl\NominaControl.csproj", "{A3076C34-07FF-41FB-B270-878668633597}"
EndProject
Global
	GlobalSection(SolutionConfigurationPlatforms) = preSolution
		Debug|Any CPU = Debug|Any CPU
		Release|Any CPU = Release|Any CPU
	EndGlobalSection
	GlobalSection(ProjectConfigurationPlatforms) = postSolution
		{A3076C34-07FF-41FB-B270-878668633597}.Debug|Any CPU.ActiveCfg = Debug|Any CPU
		{A3076C34-07FF-41FB-B270-878668633597}.Debug|Any CPU.Build.0 = Debug|Any CPU
		{A3076C34-07FF-41FB-B270-878668633597}.Release|Any CPU.ActiveCfg = Release|Any CPU
		{A3076C34-07FF-41FB-B270-878668633597}.Release|Any CPU.Build.0 = Release|Any CPU
	EndGlobalSection
	GlobalSection(SolutionProperties) = preSolution
		HideSolutionNode = FALSE
	EndGlobalSection
	GlobalSection(ExtensibilityGlobals) = postSolution
		SolutionGuid = {3F7C64B3-9447-43B8-9935-923DB6948418}
	EndGlobalSection
EndGlobal
